{
  "name": "task_server",
  "lockfileVersion": 2,
  "requires": true,
  "packages": {
    "": {
      "dependencies": {
        "equiv-task-scheduler": "^1.0.0"
      }
    },
    "node_modules/equiv-task-scheduler": {
      "version": "1.0.0",
      "resolved": "https://registry.npmjs.org/equiv-task-scheduler/-/equiv-task-scheduler-1.0.0.tgz",
      "integrity": "sha512-ypuKCkExAA4CDg4baS1imMFd6RkvJ11pKfu+QA/gxlR/kOpbKLMSs885dFpVs5mb/W496A0bk8oQLUWHVd8tsQ=="
    }
  },
  "dependencies": {
    "equiv-task-scheduler": {
      "version": "1.0.0",
      "resolved": "https://registry.npmjs.org/equiv-task-scheduler/-/equiv-task-scheduler-1.0.0.tgz",
      "integrity": "sha512-ypuKCkExAA4CDg4baS1imMFd6RkvJ11pKfu+QA/gxlR/kOpbKLMSs885dFpVs5mb/W496A0bk8oQLUWHVd8tsQ=="
    }
  }
}
